// !$*UTF8*$!
{
	archiveVersion = 1;
	classes = {
	};
	objectVersion = 46;
	objects = {

/* Begin PBXBuildFile section */
		F2FB10131DC9DB8F00EFB253 /* AppDelegate.swift in Sources */ = {isa = PBXBuildFile; fileRef = F2FB10121DC9DB8F00EFB253 /* AppDelegate.swift */; };
		F2FB10151DC9DB8F00EFB253 /* ViewController.swift in Sources */ = {isa = PBXBuildFile; fileRef = F2FB10141DC9DB8F00EFB253 /* ViewController.swift */; };
		F2FB10181DC9DB8F00EFB253 /* Main.storyboard in Resources */ = {isa = PBXBuildFile; fileRef = F2FB10161DC9DB8F00EFB253 /* Main.storyboard */; };
		F2FB101A1DC9DB8F00EFB253 /* Assets.xcassets in Resources */ = {isa = PBXBuildFile; fileRef = F2FB10191DC9DB8F00EFB253 /* Assets.xcassets */; };
		F2FB101D1DC9DB8F00EFB253 /* LaunchScreen.storyboard in Resources */ = {isa = PBXBuildFile; fileRef = F2FB101B1DC9DB8F00EFB253 /* LaunchScreen.storyboard */; };
/* End PBXBuildFile section */

/* Begin PBXFileReference section */
		F2FB100F1DC9DB8F00EFB253 /* BezierWave.app */ = {isa = PBXFileReference; explicitFileType = wrapper.application; includeInIndex = 0; path = BezierWave.app; sourceTree = BUILT_PRODUCTS_DIR; };
		F2FB10121DC9DB8F00EFB253 /* AppDelegate.swift */ = {isa = PBXFileReference; lastKnownFileType = sourcecode.swift; path = AppDelegate.swift; sourceTree = "<group>"; };
		F2FB10141DC9DB8F00EFB253 /* ViewController.swift */ = {isa = PBXFileReference; lastKnownFileType = sourcecode.swift; path = ViewController.swift; sourceTree = "<group>"; };
		F2FB10171DC9DB8F00EFB253 /* Base */ = {isa = PBXFileReference; lastKnownFileType = file.storyboard; name = Base; path = Base.lproj/Main.storyboard; sourceTree = "<group>"; };
		F2FB10191DC9DB8F00EFB253 /* Assets.xcassets */ = {isa = PBXFileReference; lastKnownFileType = folder.assetcatalog; path = Assets.xcassets; sourceTree = "<group>"; };
		F2FB101C1DC9DB8F00EFB253 /* Base */ = {isa = PBXFileReference; lastKnownFileType = file.storyboard; name = Base; path = Base.lproj/LaunchScreen.storyboard; sourceTree = "<group>"; };
		F2FB101E1DC9DB8F00EFB253 /* Info.plist */ = {isa = PBXFileReference; lastKnownFileType = text.plist.xml; path = Info.plist; sourceTree = "<group>"; };
/* End PBXFileReference section */

/* Begin PBXFrameworksBuildPhase section */
		F2FB100C1DC9DB8F00EFB253 /* Frameworks */ = {
			isa = PBXFrameworksBuildPhase;
			buildActionMask = 2147483647;
			files = (
			);
			runOnlyForDeploymentPostprocessing = 0;
		};
/* End PBXFrameworksBuildPhase section */

/* Begin PBXGroup section */
		F2FB10061DC9DB8F00EFB253 = {
			isa = PBXGroup;
			children = (
				F2FB10111DC9DB8F00EFB253 /* BezierWave */,
				F2FB10101DC9DB8F00EFB253 /* Products */,
			);
			sourceTree = "<group>";
		};
		F2FB10101DC9DB8F00EFB253 /* Products */ = {
			isa = PBXGroup;
			children = (
				F2FB100F1DC9DB8F00EFB253 /* BezierWave.app */,
			);
			name = Products;
			sourceTree = "<group>";
		};
		F2FB10111DC9DB8F00EFB253 /* BezierWave */ = {
			isa = PBXGroup;
			children = (
				F2FB10121DC9DB8F00EFB253 /* AppDelegate.swift */,
				F2FB10141DC9DB8F00EFB253 /* ViewController.swift */,
				F2FB10161DC9DB8F00EFB253 /* Main.storyboard */,
				F2FB10191DC9DB8F00EFB253 /* Assets.xcassets */,
				F2FB101B1DC9DB8F00EFB253 /* LaunchScreen.storyboard */,
				F2FB101E1DC9DB8F00EFB253 /* Info.plist */,
			);
			path = BezierWave;
			sourceTree = "<group>";
		};
/* End PBXGroup section */

/* Begin PBXNativeTarget section */
		F2FB100E1DC9DB8F00EFB253 /* BezierWave */ = {
			isa = PBXNativeTarget;
			buildConfigurationList = F2FB10211DC9DB8F00EFB253 /* Build configuration list for PBXNativeTarget "BezierWave" */;
			buildPhases = (
				F2FB100B1DC9DB8F00EFB253 /* Sources */,
				F2FB100C1DC9DB8F00EFB253 /* Frameworks */,
				F2FB100D1DC9DB8F00EFB253 /* Resources */,
			);
			buildRules = (
			);
			dependencies = (
			);
			name = BezierWave;
			productName = BezierWave;
			productReference = F2FB100F1DC9DB8F00EFB253 /* BezierWave.app */;
			productType = "com.apple.product-type.application";
		};
/* End PBXNativeTarget section */

/* Begin PBXProject section */
		F2FB10071DC9DB8F00EFB253 /* Project object */ = {
			isa = PBXProject;
			attributes = {
				LastSwiftUpdateCheck = 0800;
				LastUpgradeCheck = 0800;
				ORGANIZATIONNAME = xqzh;
				TargetAttributes = {
					F2FB100E1DC9DB8F00EFB253 = {
						CreatedOnToolsVersion = 8.0;
						ProvisioningStyle = Automatic;
					};
				};
			};
			buildConfigurationList = F2FB100A1DC9DB8F00EFB253 /* Build configuration list for PBXProject "BezierWave" */;
			compatibilityVersion = "Xcode 3.2";
			developmentRegion = English;
			hasScannedForEncodings = 0;
			knownRegions = (
				en,
				Base,
			);
			mainGroup = F2FB10061DC9DB8F00EFB253;
			productRefGroup = F2FB10101DC9DB8F00EFB253 /* Products */;
			projectDirPath = "";
			projectRoot = "";
			targets = (
				F2FB100E1DC9DB8F00EFB253 /* BezierWave */,
			);
		};
/* End PBXProject section */

/* Begin PBXResourcesBuildPhase section */
		F2FB100D1DC9DB8F00EFB253 /* Resources */ = {
			isa = PBXResourcesBuildPhase;
			buildActionMask = 2147483647;
			files = (
				F2FB101D1DC9DB8F00EFB253 /* LaunchScreen.storyboard in Resources */,
				F2FB101A1DC9DB8F00EFB253 /* Assets.xcassets in Resources */,
				F2FB10181DC9DB8F00EFB253 /* Main.storyboard in Resources */,
			);
			runOnlyForDeploymentPostprocessing = 0;
		};
/* End PBXResourcesBuildPhase section */

/* Begin PBXSourcesBuildPhase section */
		F2FB100B1DC9DB8F00EFB253 /* Sources */ = {
			isa = PBXSourcesBuildPhase;
			buildActionMask = 2147483647;
			files = (
				F2FB10151DC9DB8F00EFB253 /* ViewController.swift in Sources */,
				F2FB10131DC9DB8F00EFB253 /* AppDelegate.swift in Sources */,
			);
			runOnlyForDeploymentPostprocessing = 0;
		};
/* End PBXSourcesBuildPhase section */

/* Begin PBXVariantGroup section */
		F2FB10161DC9DB8F00EFB253 /* Main.storyboard */ = {
			isa = PBXVariantGroup;
			children = (
				F2FB10171DC9DB8F00EFB253 /* Base */,
			);
			name = Main.storyboard;
			sourceTree = "<group>";
		};
		F2FB101B1DC9DB8F00EFB253 /* LaunchScreen.storyboard */ = {
			isa = PBXVariantGroup;
			children = (
				F2FB101C1DC9DB8F00EFB253 /* Base */,
			);
			name = LaunchScreen.storyboard;
			sourceTree = "<group>";
		};
/* End PBXVariantGroup section */

/* Begin XCBuildConfiguration section */
		F2FB101F1DC9DB8F00EFB253 /* Debug */ = {
			isa = XCBuildConfiguration;
			buildSettings = {
				ALWAYS_SEARCH_USER_PATHS = NO;
				CLANG_ANALYZER_NONNULL = YES;
				CLANG_CXX_LANGUAGE_STANDARD = "gnu++0x";
				CLANG_CXX_LIBRARY = "libc++";
				CLANG_ENABLE_MODULES = YES;
				CLANG_ENABLE_OBJC_ARC = YES;
				CLANG_WARN_BOOL_CONVERSION = YES;
				CLANG_WARN_CONSTANT_CONVERSION = YES;
				CLANG_WARN_DIRECT_OBJC_ISA_USAGE = YES_ERROR;
				CLANG_WARN_DOCUMENTATION_COMMENTS = YES;
				CLANG_WARN_EMPTY_BODY = YES;
				CLANG_WARN_ENUM_CONVERSION = YES;
				CLANG_WARN_INFINITE_RECURSION = YES;
				CLANG_WARN_INT_CONVERSION = YES;
				CLANG_WARN_OBJC_ROOT_CLASS = YES_ERROR;
				CLANG_WARN_SUSPICIOUS_MOVES = YES;
				CLANG_WARN_UNREACHABLE_CODE = YES;
				CLANG_WARN__DUPLICATE_METHOD_MATCH = YES;
				"CODE_SIGN_IDENTITY[sdk=iphoneos*]" = "iPhone Developer";
				COPY_PHASE_STRIP = NO;
				DEBUG_INFORMATION_FORMAT = dwarf;
				ENABLE_STRICT_OBJC_MSGSEND = YES;
				ENABLE_TESTABILITY = YES;
				GCC_C_LANGUAGE_STANDARD = gnu99;
				GCC_DYNAMIC_NO_PIC = NO;
				GCC_NO_COMMON_BLOCKS = YES;
				GCC_OPTIMIZATION_LEVEL = 0;
				GCC_PREPROCESSOR_DEFINITIONS = (
					"DEBUG=1",
					"$(inherited)",
				);
				GCC_WARN_64_TO_32_BIT_CONVERSION = YES;
				GCC_WARN_ABOUT_RETURN_TYPE = YES_ERROR;
				GCC_WARN_UNDECLARED_SELECTOR = YES;
				GCC_WARN_UNINITIALIZED_AUTOS = YES_AGGRESSIVE;
				GCC_WARN_UNUSED_FUNCTION = YES;
				GCC_WARN_UNUSED_VARIABLE = YES;
				IPHONEOS_DEPLOYMENT_TARGET = 10.0;
				MTL_ENABLE_DEBUG_INFO = YES;
				ONLY_ACTIVE_ARCH = YES;
				SDKROOT = iphoneos;
				SWIFT_ACTIVE_COMPILATION_CONDITIONS = DEBUG;
				SWIFT_OPTIMIZATION_LEVEL = "-Onone";
				TARGETED_DEVICE_FAMILY = "1,2";
			};
			name = Debug;
		};
		F2FB10201DC9DB8F00EFB253 /* Release */ = {
			isa = XCBuildConfiguration;
			buildSettings = {
				ALWAYS_SEARCH_USER_PATHS = NO;
				CLANG_ANALYZER_NONNULL = YES;
				CLANG_CXX_LANGUAGE_STANDARD = "gnu++0x";
				CLANG_CXX_LIBRARY = "libc++";
				CLANG_ENABLE_MODULES = YES;
				CLANG_ENABLE_OBJC_ARC = YES;
				CLANG_WARN_BOOL_CONVERSION = YES;
				CLANG_WARN_CONSTANT_CONVERSION = YES;
				CLANG_WARN_DIRECT_OBJC_ISA_USAGE = YES_ERROR;
				CLANG_WARN_DOCUMENTATION_COMMENTS = YES;
				CLANG_WARN_EMPTY_BODY = YES;
				CLANG_WARN_ENUM_CONVERSION = YES;
				CLANG_WARN_INFINITE_RECURSION = YES;
				CLANG_WARN_INT_CONVERSION = YES;
				CLANG_WARN_OBJC_ROOT_CLASS = YES_ERROR;
				CLANG_WARN_SUSPICIOUS_MOVES = YES;
				CLANG_WARN_UNREACHABLE_CODE = YES;
				CLANG_WARN__DUPLICATE_METHOD_MATCH = YES;
				"CODE_SIGN_IDENTITY[sdk=iphoneos*]" = "iPhone Developer";
				COPY_PHASE_STRIP = NO;
				DEBUG_INFORMATION_FORMAT = "dwarf-with-dsym";
				ENABLE_NS_ASSERTIONS = NO;
				ENABLE_STRICT_OBJC_MSGSEND = YES;
				GCC_C_LANGUAGE_STANDARD = gnu99;
				GCC_NO_COMMON_BLOCKS = YES;
				GCC_WARN_64_TO_32_BIT_CONVERSION = YES;
				GCC_WARN_ABOUT_RETURN_TYPE = YES_ERROR;
				GCC_WARN_UNDECLARED_SELECTOR = YES;
				GCC_WARN_UNINITIALIZED_AUTOS = YES_AGGRESSIVE;
				GCC_WARN_UNUSED_FUNCTION = YES;
				GCC_WARN_UNUSED_VARIABLE = YES;
				IPHONEOS_DEPLOYMENT_TARGET = 10.0;
				MTL_ENABLE_DEBUG_INFO = NO;
				SDKROOT = iphoneos;
				SWIFT_OPTIMIZATION_LEVEL = "-Owholemodule";
				TARGETED_DEVICE_FAMILY = "1,2";
				VALIDATE_PRODUCT = YES;
			};
			name = Release;
		};
		F2FB10221DC9DB8F00EFB253 /* Debug */ = {
			isa = XCBuildConfiguration;
			buildSettings = {
				ASSETCATALOG_COMPILER_APPICON_NAME = AppIcon;
				INFOPLIST_FILE = BezierWave/Info.plist;
				LD_RUNPATH_SEARCH_PATHS = "$(inherited) @executable_path/Frameworks";
				PRODUCT_BUNDLE_IDENTIFIER = com.zxq.BezierWave;
				PRODUCT_NAME = "$(TARGET_NAME)";
				SWIFT_VERSION = 3.0;
			};
			name = Debug;
		};
		F2FB10231DC9DB8F00EFB253 /* Release */ = {
			isa = XCBuildConfiguration;
			buildSettings = {
				ASSETCATALOG_COMPILER_APPICON_NAME = AppIcon;
				INFOPLIST_FILE = BezierWave/Info.plist;
				LD_RUNPATH_SEARCH_PATHS = "$(inherited) @executable_path/Frameworks";
				PRODUCT_BUNDLE_IDENTIFIER = com.zxq.BezierWave;
				PRODUCT_NAME = "$(TARGET_NAME)";
				SWIFT_VERSION = 3.0;
			};
			name = Release;
		};
/* End XCBuildConfiguration section */

/* Begin XCConfigurationList section */
		F2FB100A1DC9DB8F00EFB253 /* Build configuration list for PBXProject "BezierWave" */ = {
			isa = XCConfigurationList;
			buildConfigurations = (
				F2FB101F1DC9DB8F00EFB253 /* Debug */,
				F2FB10201DC9DB8F00EFB253 /* Release */,
			);
			defaultConfigurationIsVisible = 0;
			defaultConfigurationName = Release;
		};
		F2FB10211DC9DB8F00EFB253 /* Build configuration list for PBXNativeTarget "BezierWave" */ = {
			isa = XCConfigurationList;
			buildConfigurations = (
				F2FB10221DC9DB8F00EFB253 /* Debug */,
				F2FB10231DC9DB8F00EFB253 /* Release */,
			);
			defaultConfigurationIsVisible = 0;
		};
/* End XCConfigurationList section */
	};
	rootObject = F2FB10071DC9DB8F00EFB253 /* Project object */;
}
